
Microsoft Visual Studio Solution File, Format Version 12.00
# Visual Studio 14
VisualStudioVersion = 14.0.23107.0
MinimumVisualStudioVersion = 10.0.40219.1
Project("{FAE04EC0-301F-11D3-BF4B-00C04F79EFBC}") = "Zander", "lib\Zander.csproj", "{F3E878B2-EFE6-4DA2-BC9E-D0F5533285BC}"
EndProject
Project("{FAE04EC0-301F-11D3-BF4B-00C04F79EFBC}") = "Tests", "tests\Tests.csproj", "{0F761A66-7ED2-4592-8367-2FE176EBF786}"
EndProject
Project("{F2A71F9B-5D33-465A-A702-920D77279786}") = "SomeLibrary", "SomeLibrary\SomeLibrary.fsproj", "{40545DD5-BB1B-4A37-BDED-99550698B03D}"
EndProject
Global
	GlobalSection(SolutionConfigurationPlatforms) = preSolution
		Debug|Any CPU = Debug|Any CPU
		Release|Any CPU = Release|Any CPU
	EndGlobalSection
	GlobalSection(ProjectConfigurationPlatforms) = postSolution
		{F3E878B2-EFE6-4DA2-BC9E-D0F5533285BC}.Debug|Any CPU.ActiveCfg = Debug|Any CPU
		{F3E878B2-EFE6-4DA2-BC9E-D0F5533285BC}.Debug|Any CPU.Build.0 = Debug|Any CPU
		{F3E878B2-EFE6-4DA2-BC9E-D0F5533285BC}.Release|Any CPU.ActiveCfg = Release|Any CPU
		{F3E878B2-EFE6-4DA2-BC9E-D0F5533285BC}.Release|Any CPU.Build.0 = Release|Any CPU
		{0F761A66-7ED2-4592-8367-2FE176EBF786}.Debug|Any CPU.ActiveCfg = Debug|Any CPU
		{0F761A66-7ED2-4592-8367-2FE176EBF786}.Debug|Any CPU.Build.0 = Debug|Any CPU
		{0F761A66-7ED2-4592-8367-2FE176EBF786}.Release|Any CPU.ActiveCfg = Release|Any CPU
		{0F761A66-7ED2-4592-8367-2FE176EBF786}.Release|Any CPU.Build.0 = Release|Any CPU
		{40545DD5-BB1B-4A37-BDED-99550698B03D}.Debug|Any CPU.ActiveCfg = Debug|Any CPU
		{40545DD5-BB1B-4A37-BDED-99550698B03D}.Debug|Any CPU.Build.0 = Debug|Any CPU
		{40545DD5-BB1B-4A37-BDED-99550698B03D}.Release|Any CPU.ActiveCfg = Release|Any CPU
		{40545DD5-BB1B-4A37-BDED-99550698B03D}.Release|Any CPU.Build.0 = Release|Any CPU
	EndGlobalSection
	GlobalSection(SolutionProperties) = preSolution
		HideSolutionNode = FALSE
	EndGlobalSection
EndGlobal
